
Microsoft Visual Studio Solution File, Format Version 12.00
# Visual Studio 15
VisualStudioVersion = 15.0.28307.136
MinimumVisualStudioVersion = 10.0.40219.1
Project("{FAE04EC0-301F-11D3-BF4B-00C04F79EFBC}") = "Delegates", "Delegates\Delegates.csproj", "{DF33DC12-1E9F-4518-8F69-2173A67668F9}"
EndProject
Global
	GlobalSection(SolutionConfigurationPlatforms) = preSolution
		Debug|Any CPU = Debug|Any CPU
		Release|Any CPU = Release|Any CPU
	EndGlobalSection
	GlobalSection(ProjectConfigurationPlatforms) = postSolution
		{DF33DC12-1E9F-4518-8F69-2173A67668F9}.Debug|Any CPU.ActiveCfg = Debug|Any CPU
		{DF33DC12-1E9F-4518-8F69-2173A67668F9}.Debug|Any CPU.Build.0 = Debug|Any CPU
		{DF33DC12-1E9F-4518-8F69-2173A67668F9}.Release|Any CPU.ActiveCfg = Release|Any CPU
		{DF33DC12-1E9F-4518-8F69-2173A67668F9}.Release|Any CPU.Build.0 = Release|Any CPU
	EndGlobalSection
	GlobalSection(SolutionProperties) = preSolution
		HideSolutionNode = FALSE
	EndGlobalSection
	GlobalSection(ExtensibilityGlobals) = postSolution
		SolutionGuid = {0E7D0133-CF56-49D3-8579-9EFA5D37D2F8}
	EndGlobalSection
EndGlobal
